
Microsoft Visual Studio Solution File, Format Version 12.00
# Visual Studio Version 17
VisualStudioVersion = 17.4.33110.190
MinimumVisualStudioVersion = 10.0.40219.1
Project("{FAE04EC0-301F-11D3-BF4B-00C04F79EFBC}") = "WpfApp2", "WpfApp2\WpfApp2.csproj", "{A93518D4-7098-4A34-A4BF-A52EEA6A0754}"
EndProject
Global
	GlobalSection(SolutionConfigurationPlatforms) = preSolution
		Debug|Any CPU = Debug|Any CPU
		Release|Any CPU = Release|Any CPU
	EndGlobalSection
	GlobalSection(ProjectConfigurationPlatforms) = postSolution
		{A93518D4-7098-4A34-A4BF-A52EEA6A0754}.Debug|Any CPU.ActiveCfg = Debug|Any CPU
		{A93518D4-7098-4A34-A4BF-A52EEA6A0754}.Debug|Any CPU.Build.0 = Debug|Any CPU
		{A93518D4-7098-4A34-A4BF-A52EEA6A0754}.Release|Any CPU.ActiveCfg = Release|Any CPU
		{A93518D4-7098-4A34-A4BF-A52EEA6A0754}.Release|Any CPU.Build.0 = Release|Any CPU
	EndGlobalSection
	GlobalSection(SolutionProperties) = preSolution
		HideSolutionNode = FALSE
	EndGlobalSection
	GlobalSection(ExtensibilityGlobals) = postSolution
		SolutionGuid = {11815C79-20D6-407D-B25F-51B2ACB0A474}
	EndGlobalSection
EndGlobal
